<?xml version="1.0" encoding="utf-8"?>
<Project ToolsVersion="4.0" xmlns="http://schemas.microsoft.com/developer/msbuild/2003">
  <ItemGroup>
    <Filter Include="Source Files">
      <UniqueIdentifier>{e6eb3bc0-3bb3-4c28-b38c-975ad86b9d0a}</UniqueIdentifier>
    </Filter>
  </ItemGroup>
  <ItemGroup>
    <ClCompile Include="..\src\Game\Main.cpp">
      <Filter>Source Files</Filter>
    </ClCompile>
    <ClCompile Include="..\src\Game\CollisionManager.cpp">
      <Filter>Source Files</Filter>
    </ClCompile>
    <ClCompile Include="..\src\Game\Game.cpp">
      <Filter>Source Files</Filter>
    </ClCompile>
  </ItemGroup>
  <ItemGroup>
    <ClInclude Include="..\src\Game\Game.h">
      <Filter>Source Files</Filter>
    </ClInclude>
    <ClInclude Include="..\src\Game\CollisionManager.h">
      <Filter>Source Files</Filter>
    </ClInclude>
    <ClInclude Include="..\src\Game\Dictionary.h">
      <Filter>Source Files</Filter>
    </ClInclude>
  </ItemGroup>
</Project>