
Microsoft Visual Studio Solution File, Format Version 12.00
# Visual Studio Version 16
VisualStudioVersion = 16.0.33328.57
MinimumVisualStudioVersion = 10.0.40219.1
Project("{8BC9CEB8-8B4A-11D0-8D11-00A0C91BC942}") = "Engine", "Engine\OpenGL_Engine.vcxproj", "{80D2EB14-0FB1-4AF0-BC63-585E3D23406C}"
EndProject
Project("{8BC9CEB8-8B4A-11D0-8D11-00A0C91BC942}") = "Game", "Game\Game.vcxproj", "{02C02BCE-4B56-4E09-8A00-FB05D46DAEB6}"
	ProjectSection(ProjectDependencies) = postProject
		{80D2EB14-0FB1-4AF0-BC63-585E3D23406C} = {80D2EB14-0FB1-4AF0-BC63-585E3D23406C}
	EndProjectSection
EndProject
Global
	GlobalSection(SolutionConfigurationPlatforms) = preSolution
		Debug|x64 = Debug|x64
		Debug|x86 = Debug|x86
		Release|x64 = Release|x64
		Release|x86 = Release|x86
	EndGlobalSection
	GlobalSection(ProjectConfigurationPlatforms) = postSolution
		{80D2EB14-0FB1-4AF0-BC63-585E3D23406C}.Debug|x64.ActiveCfg = Debug|x64
		{80D2EB14-0FB1-4AF0-BC63-585E3D23406C}.Debug|x64.Build.0 = Debug|x64
		{80D2EB14-0FB1-4AF0-BC63-585E3D23406C}.Debug|x86.ActiveCfg = Debug|Win32
		{80D2EB14-0FB1-4AF0-BC63-585E3D23406C}.Debug|x86.Build.0 = Debug|Win32
		{80D2EB14-0FB1-4AF0-BC63-585E3D23406C}.Release|x64.ActiveCfg = Release|x64
		{80D2EB14-0FB1-4AF0-BC63-585E3D23406C}.Release|x64.Build.0 = Release|x64
		{80D2EB14-0FB1-4AF0-BC63-585E3D23406C}.Release|x86.ActiveCfg = Release|Win32
		{80D2EB14-0FB1-4AF0-BC63-585E3D23406C}.Release|x86.Build.0 = Release|Win32
		{02C02BCE-4B56-4E09-8A00-FB05D46DAEB6}.Debug|x64.ActiveCfg = Debug|x64
		{02C02BCE-4B56-4E09-8A00-FB05D46DAEB6}.Debug|x64.Build.0 = Debug|x64
		{02C02BCE-4B56-4E09-8A00-FB05D46DAEB6}.Debug|x86.ActiveCfg = Debug|Win32
		{02C02BCE-4B56-4E09-8A00-FB05D46DAEB6}.Debug|x86.Build.0 = Debug|Win32
		{02C02BCE-4B56-4E09-8A00-FB05D46DAEB6}.Release|x64.ActiveCfg = Release|x64
		{02C02BCE-4B56-4E09-8A00-FB05D46DAEB6}.Release|x64.Build.0 = Release|x64
		{02C02BCE-4B56-4E09-8A00-FB05D46DAEB6}.Release|x86.ActiveCfg = Release|Win32
		{02C02BCE-4B56-4E09-8A00-FB05D46DAEB6}.Release|x86.Build.0 = Release|Win32
	EndGlobalSection
	GlobalSection(SolutionProperties) = preSolution
		HideSolutionNode = FALSE
	EndGlobalSection
	GlobalSection(ExtensibilityGlobals) = postSolution
		SolutionGuid = {F3CC9735-8E53-4061-AEB0-7D1E0805BC64}
	EndGlobalSection
EndGlobal
